
Microsoft Visual Studio Solution File, Format Version 12.00
# Visual Studio Version 17
VisualStudioVersion = 17.11.35327.3
MinimumVisualStudioVersion = 10.0.40219.1
Project("{9A19103F-16F7-4668-BE54-9A1E7A4F7556}") = "MusicStore", "MusicStore\MusicStore.csproj", "{CC561D21-82FE-4823-9DEE-CA39B3D4E0EF}"
EndProject
Project("{9A19103F-16F7-4668-BE54-9A1E7A4F7556}") = "MusicStore.Model", "MusicStore.Model\MusicStore.Model.csproj", "{04CBD2EE-9445-412C-AFE7-A66813F4E17A}"
EndProject
Global
	GlobalSection(SolutionConfigurationPlatforms) = preSolution
		Debug|Any CPU = Debug|Any CPU
		Release|Any CPU = Release|Any CPU
	EndGlobalSection
	GlobalSection(ProjectConfigurationPlatforms) = postSolution
		{CC561D21-82FE-4823-9DEE-CA39B3D4E0EF}.Debug|Any CPU.ActiveCfg = Debug|Any CPU
		{CC561D21-82FE-4823-9DEE-CA39B3D4E0EF}.Debug|Any CPU.Build.0 = Debug|Any CPU
		{CC561D21-82FE-4823-9DEE-CA39B3D4E0EF}.Release|Any CPU.ActiveCfg = Release|Any CPU
		{CC561D21-82FE-4823-9DEE-CA39B3D4E0EF}.Release|Any CPU.Build.0 = Release|Any CPU
		{04CBD2EE-9445-412C-AFE7-A66813F4E17A}.Debug|Any CPU.ActiveCfg = Debug|Any CPU
		{04CBD2EE-9445-412C-AFE7-A66813F4E17A}.Debug|Any CPU.Build.0 = Debug|Any CPU
		{04CBD2EE-9445-412C-AFE7-A66813F4E17A}.Release|Any CPU.ActiveCfg = Release|Any CPU
		{04CBD2EE-9445-412C-AFE7-A66813F4E17A}.Release|Any CPU.Build.0 = Release|Any CPU
	EndGlobalSection
	GlobalSection(SolutionProperties) = preSolution
		HideSolutionNode = FALSE
	EndGlobalSection
	GlobalSection(ExtensibilityGlobals) = postSolution
		SolutionGuid = {45A57212-FF65-494F-8356-F3EFFABFD5C3}
	EndGlobalSection
EndGlobal
